# @generated - this file is auto-generated by `mise lock` https://mise.jdx.dev/dev-tools/mise-lock.html

[[tools.node]]
version = "24.18.0"
backend = "core:node"

[tools.node."platforms.linux-arm64"]
checksum = "sha256:6b4484c2190274175df9aa8f28e2d758a819cb1c1fe6ab481e2f95b463ab8508"
url = "https://nodejs.org/dist/v24.18.0/node-v24.18.0-linux-arm64.tar.gz"

[tools.node."platforms.linux-x64"]
checksum = "sha256:783130984963db7ba9cbd01089eaf2c2efb055c7c1693c943174b967b3050cb8"
url = "https://nodejs.org/dist/v24.18.0/node-v24.18.0-linux-x64.tar.gz"

[tools.node."platforms.macos-arm64"]
checksum = "sha256:e1a97e14c99c803e96c7339403282ea05a499c32f8d83defe9ef5ec66f979ed1"
url = "https://nodejs.org/dist/v24.18.0/node-v24.18.0-darwin-arm64.tar.gz"

[[tools.nub]]
version = "0.5.0"
backend = "npm:@nubjs/nub"

[tools.nub.options]
allow_builds = '["@nubjs/nub"]'

[[tools.prek]]
version = "0.4.13"
backend = "aqua:j178/prek"

[tools.prek."platforms.linux-arm64"]
checksum = "sha256:ecbddcf4aad45eca7073f62dcea717f1e523901ada5c2fd668e6dce812f7790e"
url = "https://github.com/j178/prek/releases/download/v0.4.13/prek-aarch64-unknown-linux-musl.tar.gz"
url_api = "https://api.github.com/repos/j178/prek/releases/assets/508529763"
provenance = "github-attestations"

[tools.prek."platforms.linux-x64"]
checksum = "sha256:15dbf93535fc956a09e0e13e0529f364aff94c9d048f36a41571bb802e096ec0"
url = "https://github.com/j178/prek/releases/download/v0.4.13/prek-x86_64-unknown-linux-musl.tar.gz"
url_api = "https://api.github.com/repos/j178/prek/releases/assets/508529829"
provenance = "github-attestations"

[tools.prek."platforms.macos-arm64"]
checksum = "sha256:776da7aa143b3cb11125f9c6f44ab5af157c176c992b7bfbafc1b155a44ac769"
url = "https://github.com/j178/prek/releases/download/v0.4.13/prek-aarch64-apple-darwin.tar.gz"
url_api = "https://api.github.com/repos/j178/prek/releases/assets/508529745"
provenance = "github-attestations"
